// !$*UTF8*$!
{
	archiveVersion = 1;
	classes = {
	};
	objectVersion = 48;
	objects = {

/* Begin PBXBuildFile section */
		281F42391FEE0150001E535C /* AppDelegate.m in Sources */ = {isa = PBXBuildFile; fileRef = 281F42381FEE0150001E535C /* AppDelegate.m */; };
		281F423F1FEE0150001E535C /* Main.storyboard in Resources */ = {isa = PBXBuildFile; fileRef = 281F423D1FEE0150001E535C /* Main.storyboard */; };
		281F42411FEE0150001E535C /* Assets.xcassets in Resources */ = {isa = PBXBuildFile; fileRef = 281F42401FEE0150001E535C /* Assets.xcassets */; };
		281F42441FEE0150001E535C /* LaunchScreen.storyboard in Resources */ = {isa = PBXBuildFile; fileRef = 281F42421FEE0150001E535C /* LaunchScreen.storyboard */; };
		281F42471FEE0150001E535C /* main.m in Sources */ = {isa = PBXBuildFile; fileRef = 281F42461FEE0150001E535C /* main.m */; };
		281F42511FEE0150001E535C /* _8________Tests.m in Sources */ = {isa = PBXBuildFile; fileRef = 281F42501FEE0150001E535C /* _8________Tests.m */; };
		281F425C1FEE0150001E535C /* _8________UITests.m in Sources */ = {isa = PBXBuildFile; fileRef = 281F425B1FEE0150001E535C /* _8________UITests.m */; };
		281F426B1FEE0220001E535C /* VCFirst.m in Sources */ = {isa = PBXBuildFile; fileRef = 281F426A1FEE0220001E535C /* VCFirst.m */; };
		281F426E1FEE022D001E535C /* VCSecond.m in Sources */ = {isa = PBXBuildFile; fileRef = 281F426D1FEE022D001E535C /* VCSecond.m */; };
		281F42711FEE0239001E535C /* VCThird.m in Sources */ = {isa = PBXBuildFile; fileRef = 281F42701FEE0239001E535C /* VCThird.m */; };
		281F42741FEE0246001E535C /* VCFour.m in Sources */ = {isa = PBXBuildFile; fileRef = 281F42731FEE0246001E535C /* VCFour.m */; };
		281F42771FEE0251001E535C /* VCFive.m in Sources */ = {isa = PBXBuildFile; fileRef = 281F42761FEE0251001E535C /* VCFive.m */; };
		281F427A1FEE025C001E535C /* VCSix.m in Sources */ = {isa = PBXBuildFile; fileRef = 281F42791FEE025C001E535C /* VCSix.m */; };
/* End PBXBuildFile section */

/* Begin PBXContainerItemProxy section */
		281F424D1FEE0150001E535C /* PBXContainerItemProxy */ = {
			isa = PBXContainerItemProxy;
			containerPortal = 281F422C1FEE0150001E535C /* Project object */;
			proxyType = 1;
			remoteGlobalIDString = 281F42331FEE0150001E535C;
			remoteInfo = "08.分栏控制器高级";
		};
		281F42581FEE0150001E535C /* PBXContainerItemProxy */ = {
			isa = PBXContainerItemProxy;
			containerPortal = 281F422C1FEE0150001E535C /* Project object */;
			proxyType = 1;
			remoteGlobalIDString = 281F42331FEE0150001E535C;
			remoteInfo = "08.分栏控制器高级";
		};
/* End PBXContainerItemProxy section */

/* Begin PBXFileReference section */
		281F42341FEE0150001E535C /* 08.分栏控制器高级.app */ = {isa = PBXFileReference; explicitFileType = wrapper.application; includeInIndex = 0; path = "08.分栏控制器高级.app"; sourceTree = BUILT_PRODUCTS_DIR; };
		281F42371FEE0150001E535C /* AppDelegate.h */ = {isa = PBXFileReference; lastKnownFileType = sourcecode.c.h; path = AppDelegate.h; sourceTree = "<group>"; };
		281F42381FEE0150001E535C /* AppDelegate.m */ = {isa = PBXFileReference; lastKnownFileType = sourcecode.c.objc; path = AppDelegate.m; sourceTree = "<group>"; };
		281F423E1FEE0150001E535C /* Base */ = {isa = PBXFileReference; lastKnownFileType = file.storyboard; name = Base; path = Base.lproj/Main.storyboard; sourceTree = "<group>"; };
		281F42401FEE0150001E535C /* Assets.xcassets */ = {isa = PBXFileReference; lastKnownFileType = folder.assetcatalog; path = Assets.xcassets; sourceTree = "<group>"; };
		281F42431FEE0150001E535C /* Base */ = {isa = PBXFileReference; lastKnownFileType = file.storyboard; name = Base; path = Base.lproj/LaunchScreen.storyboard; sourceTree = "<group>"; };
		281F42451FEE0150001E535C /* Info.plist */ = {isa = PBXFileReference; lastKnownFileType = text.plist.xml; path = Info.plist; sourceTree = "<group>"; };
		281F42461FEE0150001E535C /* main.m */ = {isa = PBXFileReference; lastKnownFileType = sourcecode.c.objc; path = main.m; sourceTree = "<group>"; };
		281F424C1FEE0150001E535C /* 08.分栏控制器高级Tests.xctest */ = {isa = PBXFileReference; explicitFileType = wrapper.cfbundle; includeInIndex = 0; path = "08.分栏控制器高级Tests.xctest"; sourceTree = BUILT_PRODUCTS_DIR; };
		281F42501FEE0150001E535C /* _8________Tests.m */ = {isa = PBXFileReference; lastKnownFileType = sourcecode.c.objc; path = "_8________Tests.m"; sourceTree = "<group>"; };
		281F42521FEE0150001E535C /* Info.plist */ = {isa = PBXFileReference; lastKnownFileType = text.plist.xml; path = Info.plist; sourceTree = "<group>"; };
		281F42571FEE0150001E535C /* 08.分栏控制器高级UITests.xctest */ = {isa = PBXFileReference; explicitFileType = wrapper.cfbundle; includeInIndex = 0; path = "08.分栏控制器高级UITests.xctest"; sourceTree = BUILT_PRODUCTS_DIR; };
		281F425B1FEE0150001E535C /* _8________UITests.m */ = {isa = PBXFileReference; lastKnownFileType = sourcecode.c.objc; path = "_8________UITests.m"; sourceTree = "<group>"; };
		281F425D1FEE0150001E535C /* Info.plist */ = {isa = PBXFileReference; lastKnownFileType = text.plist.xml; path = Info.plist; sourceTree = "<group>"; };
		281F42691FEE0220001E535C /* VCFirst.h */ = {isa = PBXFileReference; lastKnownFileType = sourcecode.c.h; path = VCFirst.h; sourceTree = "<group>"; };
		281F426A1FEE0220001E535C /* VCFirst.m */ = {isa = PBXFileReference; lastKnownFileType = sourcecode.c.objc; path = VCFirst.m; sourceTree = "<group>"; };
		281F426C1FEE022D001E535C /* VCSecond.h */ = {isa = PBXFileReference; lastKnownFileType = sourcecode.c.h; path = VCSecond.h; sourceTree = "<group>"; };
		281F426D1FEE022D001E535C /* VCSecond.m */ = {isa = PBXFileReference; lastKnownFileType = sourcecode.c.objc; path = VCSecond.m; sourceTree = "<group>"; };
		281F426F1FEE0239001E535C /* VCThird.h */ = {isa = PBXFileReference; lastKnownFileType = sourcecode.c.h; path = VCThird.h; sourceTree = "<group>"; };
		281F42701FEE0239001E535C /* VCThird.m */ = {isa = PBXFileReference; lastKnownFileType = sourcecode.c.objc; path = VCThird.m; sourceTree = "<group>"; };
		281F42721FEE0246001E535C /* VCFour.h */ = {isa = PBXFileReference; lastKnownFileType = sourcecode.c.h; path = VCFour.h; sourceTree = "<group>"; };
		281F42731FEE0246001E535C /* VCFour.m */ = {isa = PBXFileReference; lastKnownFileType = sourcecode.c.objc; path = VCFour.m; sourceTree = "<group>"; };
		281F42751FEE0251001E535C /* VCFive.h */ = {isa = PBXFileReference; lastKnownFileType = sourcecode.c.h; path = VCFive.h; sourceTree = "<group>"; };
		281F42761FEE0251001E535C /* VCFive.m */ = {isa = PBXFileReference; lastKnownFileType = sourcecode.c.objc; path = VCFive.m; sourceTree = "<group>"; };
		281F42781FEE025C001E535C /* VCSix.h */ = {isa = PBXFileReference; lastKnownFileType = sourcecode.c.h; path = VCSix.h; sourceTree = "<group>"; };
		281F42791FEE025C001E535C /* VCSix.m */ = {isa = PBXFileReference; lastKnownFileType = sourcecode.c.objc; path = VCSix.m; sourceTree = "<group>"; };
/* End PBXFileReference section */

/* Begin PBXFrameworksBuildPhase section */
		281F42311FEE0150001E535C /* Frameworks */ = {
			isa = PBXFrameworksBuildPhase;
			buildActionMask = 2147483647;
			files = (
			);
			runOnlyForDeploymentPostprocessing = 0;
		};
		281F42491FEE0150001E535C /* Frameworks */ = {
			isa = PBXFrameworksBuildPhase;
			buildActionMask = 2147483647;
			files = (
			);
			runOnlyForDeploymentPostprocessing = 0;
		};
		281F42541FEE0150001E535C /* Frameworks */ = {
			isa = PBXFrameworksBuildPhase;
			buildActionMask = 2147483647;
			files = (
			);
			runOnlyForDeploymentPostprocessing = 0;
		};
/* End PBXFrameworksBuildPhase section */

/* Begin PBXGroup section */
		281F422B1FEE0150001E535C = {
			isa = PBXGroup;
			children = (
				281F42361FEE0150001E535C /* 08.分栏控制器高级 */,
				281F424F1FEE0150001E535C /* 08.分栏控制器高级Tests */,
				281F425A1FEE0150001E535C /* 08.分栏控制器高级UITests */,
				281F42351FEE0150001E535C /* Products */,
			);
			sourceTree = "<group>";
		};
		281F42351FEE0150001E535C /* Products */ = {
			isa = PBXGroup;
			children = (
				281F42341FEE0150001E535C /* 08.分栏控制器高级.app */,
				281F424C1FEE0150001E535C /* 08.分栏控制器高级Tests.xctest */,
				281F42571FEE0150001E535C /* 08.分栏控制器高级UITests.xctest */,
			);
			name = Products;
			sourceTree = "<group>";
		};
		281F42361FEE0150001E535C /* 08.分栏控制器高级 */ = {
			isa = PBXGroup;
			children = (
				281F42371FEE0150001E535C /* AppDelegate.h */,
				281F42381FEE0150001E535C /* AppDelegate.m */,
				281F42691FEE0220001E535C /* VCFirst.h */,
				281F426A1FEE0220001E535C /* VCFirst.m */,
				281F426C1FEE022D001E535C /* VCSecond.h */,
				281F426D1FEE022D001E535C /* VCSecond.m */,
				281F426F1FEE0239001E535C /* VCThird.h */,
				281F42701FEE0239001E535C /* VCThird.m */,
				281F42721FEE0246001E535C /* VCFour.h */,
				281F42731FEE0246001E535C /* VCFour.m */,
				281F42751FEE0251001E535C /* VCFive.h */,
				281F42761FEE0251001E535C /* VCFive.m */,
				281F42781FEE025C001E535C /* VCSix.h */,
				281F42791FEE025C001E535C /* VCSix.m */,
				281F423D1FEE0150001E535C /* Main.storyboard */,
				281F42401FEE0150001E535C /* Assets.xcassets */,
				281F42421FEE0150001E535C /* LaunchScreen.storyboard */,
				281F42451FEE0150001E535C /* Info.plist */,
				281F42461FEE0150001E535C /* main.m */,
			);
			path = "08.分栏控制器高级";
			sourceTree = "<group>";
		};
		281F424F1FEE0150001E535C /* 08.分栏控制器高级Tests */ = {
			isa = PBXGroup;
			children = (
				281F42501FEE0150001E535C /* _8________Tests.m */,
				281F42521FEE0150001E535C /* Info.plist */,
			);
			path = "08.分栏控制器高级Tests";
			sourceTree = "<group>";
		};
		281F425A1FEE0150001E535C /* 08.分栏控制器高级UITests */ = {
			isa = PBXGroup;
			children = (
				281F425B1FEE0150001E535C /* _8________UITests.m */,
				281F425D1FEE0150001E535C /* Info.plist */,
			);
			path = "08.分栏控制器高级UITests";
			sourceTree = "<group>";
		};
/* End PBXGroup section */

/* Begin PBXNativeTarget section */
		281F42331FEE0150001E535C /* 08.分栏控制器高级 */ = {
			isa = PBXNativeTarget;
			buildConfigurationList = 281F42601FEE0150001E535C /* Build configuration list for PBXNativeTarget "08.分栏控制器高级" */;
			buildPhases = (
				281F42301FEE0150001E535C /* Sources */,
				281F42311FEE0150001E535C /* Frameworks */,
				281F42321FEE0150001E535C /* Resources */,
			);
			buildRules = (
			);
			dependencies = (
			);
			name = "08.分栏控制器高级";
			productName = "08.分栏控制器高级";
			productReference = 281F42341FEE0150001E535C /* 08.分栏控制器高级.app */;
			productType = "com.apple.product-type.application";
		};
		281F424B1FEE0150001E535C /* 08.分栏控制器高级Tests */ = {
			isa = PBXNativeTarget;
			buildConfigurationList = 281F42631FEE0150001E535C /* Build configuration list for PBXNativeTarget "08.分栏控制器高级Tests" */;
			buildPhases = (
				281F42481FEE0150001E535C /* Sources */,
				281F42491FEE0150001E535C /* Frameworks */,
				281F424A1FEE0150001E535C /* Resources */,
			);
			buildRules = (
			);
			dependencies = (
				281F424E1FEE0150001E535C /* PBXTargetDependency */,
			);
			name = "08.分栏控制器高级Tests";
			productName = "08.分栏控制器高级Tests";
			productReference = 281F424C1FEE0150001E535C /* 08.分栏控制器高级Tests.xctest */;
			productType = "com.apple.product-type.bundle.unit-test";
		};
		281F42561FEE0150001E535C /* 08.分栏控制器高级UITests */ = {
			isa = PBXNativeTarget;
			buildConfigurationList = 281F42661FEE0150001E535C /* Build configuration list for PBXNativeTarget "08.分栏控制器高级UITests" */;
			buildPhases = (
				281F42531FEE0150001E535C /* Sources */,
				281F42541FEE0150001E535C /* Frameworks */,
				281F42551FEE0150001E535C /* Resources */,
			);
			buildRules = (
			);
			dependencies = (
				281F42591FEE0150001E535C /* PBXTargetDependency */,
			);
			name = "08.分栏控制器高级UITests";
			productName = "08.分栏控制器高级UITests";
			productReference = 281F42571FEE0150001E535C /* 08.分栏控制器高级UITests.xctest */;
			productType = "com.apple.product-type.bundle.ui-testing";
		};
/* End PBXNativeTarget section */

/* Begin PBXProject section */
		281F422C1FEE0150001E535C /* Project object */ = {
			isa = PBXProject;
			attributes = {
				LastUpgradeCheck = 0920;
				ORGANIZATIONNAME = "王浩祯";
				TargetAttributes = {
					281F42331FEE0150001E535C = {
						CreatedOnToolsVersion = 9.2;
						ProvisioningStyle = Automatic;
					};
					281F424B1FEE0150001E535C = {
						CreatedOnToolsVersion = 9.2;
						ProvisioningStyle = Automatic;
						TestTargetID = 281F42331FEE0150001E535C;
					};
					281F42561FEE0150001E535C = {
						CreatedOnToolsVersion = 9.2;
						ProvisioningStyle = Automatic;
						TestTargetID = 281F42331FEE0150001E535C;
					};
				};
			};
			buildConfigurationList = 281F422F1FEE0150001E535C /* Build configuration list for PBXProject "08.分栏控制器高级" */;
			compatibilityVersion = "Xcode 8.0";
			developmentRegion = en;
			hasScannedForEncodings = 0;
			knownRegions = (
				en,
				Base,
			);
			mainGroup = 281F422B1FEE0150001E535C;
			productRefGroup = 281F42351FEE0150001E535C /* Products */;
			projectDirPath = "";
			projectRoot = "";
			targets = (
				281F42331FEE0150001E535C /* 08.分栏控制器高级 */,
				281F424B1FEE0150001E535C /* 08.分栏控制器高级Tests */,
				281F42561FEE0150001E535C /* 08.分栏控制器高级UITests */,
			);
		};
/* End PBXProject section */

/* Begin PBXResourcesBuildPhase section */
		281F42321FEE0150001E535C /* Resources */ = {
			isa = PBXResourcesBuildPhase;
			buildActionMask = 2147483647;
			files = (
				281F42441FEE0150001E535C /* LaunchScreen.storyboard in Resources */,
				281F42411FEE0150001E535C /* Assets.xcassets in Resources */,
				281F423F1FEE0150001E535C /* Main.storyboard in Resources */,
			);
			runOnlyForDeploymentPostprocessing = 0;
		};
		281F424A1FEE0150001E535C /* Resources */ = {
			isa = PBXResourcesBuildPhase;
			buildActionMask = 2147483647;
			files = (
			);
			runOnlyForDeploymentPostprocessing = 0;
		};
		281F42551FEE0150001E535C /* Resources */ = {
			isa = PBXResourcesBuildPhase;
			buildActionMask = 2147483647;
			files = (
			);
			runOnlyForDeploymentPostprocessing = 0;
		};
/* End PBXResourcesBuildPhase section */

/* Begin PBXSourcesBuildPhase section */
		281F42301FEE0150001E535C /* Sources */ = {
			isa = PBXSourcesBuildPhase;
			buildActionMask = 2147483647;
			files = (
				281F427A1FEE025C001E535C /* VCSix.m in Sources */,
				281F42711FEE0239001E535C /* VCThird.m in Sources */,
				281F426E1FEE022D001E535C /* VCSecond.m in Sources */,
				281F42741FEE0246001E535C /* VCFour.m in Sources */,
				281F426B1FEE0220001E535C /* VCFirst.m in Sources */,
				281F42471FEE0150001E535C /* main.m in Sources */,
				281F42771FEE0251001E535C /* VCFive.m in Sources */,
				281F42391FEE0150001E535C /* AppDelegate.m in Sources */,
			);
			runOnlyForDeploymentPostprocessing = 0;
		};
		281F42481FEE0150001E535C /* Sources */ = {
			isa = PBXSourcesBuildPhase;
			buildActionMask = 2147483647;
			files = (
				281F42511FEE0150001E535C /* _8________Tests.m in Sources */,
			);
			runOnlyForDeploymentPostprocessing = 0;
		};
		281F42531FEE0150001E535C /* Sources */ = {
			isa = PBXSourcesBuildPhase;
			buildActionMask = 2147483647;
			files = (
				281F425C1FEE0150001E535C /* _8________UITests.m in Sources */,
			);
			runOnlyForDeploymentPostprocessing = 0;
		};
/* End PBXSourcesBuildPhase section */

/* Begin PBXTargetDependency section */
		281F424E1FEE0150001E535C /* PBXTargetDependency */ = {
			isa = PBXTargetDependency;
			target = 281F42331FEE0150001E535C /* 08.分栏控制器高级 */;
			targetProxy = 281F424D1FEE0150001E535C /* PBXContainerItemProxy */;
		};
		281F42591FEE0150001E535C /* PBXTargetDependency */ = {
			isa = PBXTargetDependency;
			target = 281F42331FEE0150001E535C /* 08.分栏控制器高级 */;
			targetProxy = 281F42581FEE0150001E535C /* PBXContainerItemProxy */;
		};
/* End PBXTargetDependency section */

/* Begin PBXVariantGroup section */
		281F423D1FEE0150001E535C /* Main.storyboard */ = {
			isa = PBXVariantGroup;
			children = (
				281F423E1FEE0150001E535C /* Base */,
			);
			name = Main.storyboard;
			sourceTree = "<group>";
		};
		281F42421FEE0150001E535C /* LaunchScreen.storyboard */ = {
			isa = PBXVariantGroup;
			children = (
				281F42431FEE0150001E535C /* Base */,
			);
			name = LaunchScreen.storyboard;
			sourceTree = "<group>";
		};
/* End PBXVariantGroup section */

/* Begin XCBuildConfiguration section */
		281F425E1FEE0150001E535C /* Debug */ = {
			isa = XCBuildConfiguration;
			buildSettings = {
				ALWAYS_SEARCH_USER_PATHS = NO;
				CLANG_ANALYZER_NONNULL = YES;
				CLANG_ANALYZER_NUMBER_OBJECT_CONVERSION = YES_AGGRESSIVE;
				CLANG_CXX_LANGUAGE_STANDARD = "gnu++14";
				CLANG_CXX_LIBRARY = "libc++";
				CLANG_ENABLE_MODULES = YES;
				CLANG_ENABLE_OBJC_ARC = YES;
				CLANG_WARN_BLOCK_CAPTURE_AUTORELEASING = YES;
				CLANG_WARN_BOOL_CONVERSION = YES;
				CLANG_WARN_COMMA = YES;
				CLANG_WARN_CONSTANT_CONVERSION = YES;
				CLANG_WARN_DIRECT_OBJC_ISA_USAGE = YES_ERROR;
				CLANG_WARN_DOCUMENTATION_COMMENTS = YES;
				CLANG_WARN_EMPTY_BODY = YES;
				CLANG_WARN_ENUM_CONVERSION = YES;
				CLANG_WARN_INFINITE_RECURSION = YES;
				CLANG_WARN_INT_CONVERSION = YES;
				CLANG_WARN_NON_LITERAL_NULL_CONVERSION = YES;
				CLANG_WARN_OBJC_LITERAL_CONVERSION = YES;
				CLANG_WARN_OBJC_ROOT_CLASS = YES_ERROR;
				CLANG_WARN_RANGE_LOOP_ANALYSIS = YES;
				CLANG_WARN_STRICT_PROTOTYPES = YES;
				CLANG_WARN_SUSPICIOUS_MOVE = YES;
				CLANG_WARN_UNGUARDED_AVAILABILITY = YES_AGGRESSIVE;
				CLANG_WARN_UNREACHABLE_CODE = YES;
				CLANG_WARN__DUPLICATE_METHOD_MATCH = YES;
				CODE_SIGN_IDENTITY = "iPhone Developer";
				COPY_PHASE_STRIP = NO;
				DEBUG_INFORMATION_FORMAT = dwarf;
				ENABLE_STRICT_OBJC_MSGSEND = YES;
				ENABLE_TESTABILITY = YES;
				GCC_C_LANGUAGE_STANDARD = gnu11;
				GCC_DYNAMIC_NO_PIC = NO;
				GCC_NO_COMMON_BLOCKS = YES;
				GCC_OPTIMIZATION_LEVEL = 0;
				GCC_PREPROCESSOR_DEFINITIONS = (
					"DEBUG=1",
					"$(inherited)",
				);
				GCC_WARN_64_TO_32_BIT_CONVERSION = YES;
				GCC_WARN_ABOUT_RETURN_TYPE = YES_ERROR;
				GCC_WARN_UNDECLARED_SELECTOR = YES;
				GCC_WARN_UNINITIALIZED_AUTOS = YES_AGGRESSIVE;
				GCC_WARN_UNUSED_FUNCTION = YES;
				GCC_WARN_UNUSED_VARIABLE = YES;
				IPHONEOS_DEPLOYMENT_TARGET = 11.2;
				MTL_ENABLE_DEBUG_INFO = YES;
				ONLY_ACTIVE_ARCH = YES;
				SDKROOT = iphoneos;
			};
			name = Debug;
		};
		281F425F1FEE0150001E535C /* Release */ = {
			isa = XCBuildConfiguration;
			buildSettings = {
				ALWAYS_SEARCH_USER_PATHS = NO;
				CLANG_ANALYZER_NONNULL = YES;
				CLANG_ANALYZER_NUMBER_OBJECT_CONVERSION = YES_AGGRESSIVE;
				CLANG_CXX_LANGUAGE_STANDARD = "gnu++14";
				CLANG_CXX_LIBRARY = "libc++";
				CLANG_ENABLE_MODULES = YES;
				CLANG_ENABLE_OBJC_ARC = YES;
				CLANG_WARN_BLOCK_CAPTURE_AUTORELEASING = YES;
				CLANG_WARN_BOOL_CONVERSION = YES;
				CLANG_WARN_COMMA = YES;
				CLANG_WARN_CONSTANT_CONVERSION = YES;
				CLANG_WARN_DIRECT_OBJC_ISA_USAGE = YES_ERROR;
				CLANG_WARN_DOCUMENTATION_COMMENTS = YES;
				CLANG_WARN_EMPTY_BODY = YES;
				CLANG_WARN_ENUM_CONVERSION = YES;
				CLANG_WARN_INFINITE_RECURSION = YES;
				CLANG_WARN_INT_CONVERSION = YES;
				CLANG_WARN_NON_LITERAL_NULL_CONVERSION = YES;
				CLANG_WARN_OBJC_LITERAL_CONVERSION = YES;
				CLANG_WARN_OBJC_ROOT_CLASS = YES_ERROR;
				CLANG_WARN_RANGE_LOOP_ANALYSIS = YES;
				CLANG_WARN_STRICT_PROTOTYPES = YES;
				CLANG_WARN_SUSPICIOUS_MOVE = YES;
				CLANG_WARN_UNGUARDED_AVAILABILITY = YES_AGGRESSIVE;
				CLANG_WARN_UNREACHABLE_CODE = YES;
				CLANG_WARN__DUPLICATE_METHOD_MATCH = YES;
				CODE_SIGN_IDENTITY = "iPhone Developer";
				COPY_PHASE_STRIP = NO;
				DEBUG_INFORMATION_FORMAT = "dwarf-with-dsym";
				ENABLE_NS_ASSERTIONS = NO;
				ENABLE_STRICT_OBJC_MSGSEND = YES;
				GCC_C_LANGUAGE_STANDARD = gnu11;
				GCC_NO_COMMON_BLOCKS = YES;
				GCC_WARN_64_TO_32_BIT_CONVERSION = YES;
				GCC_WARN_ABOUT_RETURN_TYPE = YES_ERROR;
				GCC_WARN_UNDECLARED_SELECTOR = YES;
				GCC_WARN_UNINITIALIZED_AUTOS = YES_AGGRESSIVE;
				GCC_WARN_UNUSED_FUNCTION = YES;
				GCC_WARN_UNUSED_VARIABLE = YES;
				IPHONEOS_DEPLOYMENT_TARGET = 11.2;
				MTL_ENABLE_DEBUG_INFO = NO;
				SDKROOT = iphoneos;
				VALIDATE_PRODUCT = YES;
			};
			name = Release;
		};
		281F42611FEE0150001E535C /* Debug */ = {
			isa = XCBuildConfiguration;
			buildSettings = {
				ASSETCATALOG_COMPILER_APPICON_NAME = AppIcon;
				CODE_SIGN_STYLE = Automatic;
				DEVELOPMENT_TEAM = 89FKMN349J;
				INFOPLIST_FILE = "08.分栏控制器高级/Info.plist";
				LD_RUNPATH_SEARCH_PATHS = "$(inherited) @executable_path/Frameworks";
				PRODUCT_BUNDLE_IDENTIFIER = "whz.-8--------";
				PRODUCT_NAME = "$(TARGET_NAME)";
				TARGETED_DEVICE_FAMILY = "1,2";
			};
			name = Debug;
		};
		281F42621FEE0150001E535C /* Release */ = {
			isa = XCBuildConfiguration;
			buildSettings = {
				ASSETCATALOG_COMPILER_APPICON_NAME = AppIcon;
				CODE_SIGN_STYLE = Automatic;
				DEVELOPMENT_TEAM = 89FKMN349J;
				INFOPLIST_FILE = "08.分栏控制器高级/Info.plist";
				LD_RUNPATH_SEARCH_PATHS = "$(inherited) @executable_path/Frameworks";
				PRODUCT_BUNDLE_IDENTIFIER = "whz.-8--------";
				PRODUCT_NAME = "$(TARGET_NAME)";
				TARGETED_DEVICE_FAMILY = "1,2";
			};
			name = Release;
		};
		281F42641FEE0150001E535C /* Debug */ = {
			isa = XCBuildConfiguration;
			buildSettings = {
				BUNDLE_LOADER = "$(TEST_HOST)";
				CODE_SIGN_STYLE = Automatic;
				DEVELOPMENT_TEAM = 89FKMN349J;
				INFOPLIST_FILE = "08.分栏控制器高级Tests/Info.plist";
				LD_RUNPATH_SEARCH_PATHS = "$(inherited) @executable_path/Frameworks @loader_path/Frameworks";
				PRODUCT_BUNDLE_IDENTIFIER = "whz.-8--------Tests";
				PRODUCT_NAME = "$(TARGET_NAME)";
				TARGETED_DEVICE_FAMILY = "1,2";
				TEST_HOST = "$(BUILT_PRODUCTS_DIR)/08.分栏控制器高级.app/08.分栏控制器高级";
			};
			name = Debug;
		};
		281F42651FEE0150001E535C /* Release */ = {
			isa = XCBuildConfiguration;
			buildSettings = {
				BUNDLE_LOADER = "$(TEST_HOST)";
				CODE_SIGN_STYLE = Automatic;
				DEVELOPMENT_TEAM = 89FKMN349J;
				INFOPLIST_FILE = "08.分栏控制器高级Tests/Info.plist";
				LD_RUNPATH_SEARCH_PATHS = "$(inherited) @executable_path/Frameworks @loader_path/Frameworks";
				PRODUCT_BUNDLE_IDENTIFIER = "whz.-8--------Tests";
				PRODUCT_NAME = "$(TARGET_NAME)";
				TARGETED_DEVICE_FAMILY = "1,2";
				TEST_HOST = "$(BUILT_PRODUCTS_DIR)/08.分栏控制器高级.app/08.分栏控制器高级";
			};
			name = Release;
		};
		281F42671FEE0150001E535C /* Debug */ = {
			isa = XCBuildConfiguration;
			buildSettings = {
				CODE_SIGN_STYLE = Automatic;
				DEVELOPMENT_TEAM = 89FKMN349J;
				INFOPLIST_FILE = "08.分栏控制器高级UITests/Info.plist";
				LD_RUNPATH_SEARCH_PATHS = "$(inherited) @executable_path/Frameworks @loader_path/Frameworks";
				PRODUCT_BUNDLE_IDENTIFIER = "whz.-8--------UITests";
				PRODUCT_NAME = "$(TARGET_NAME)";
				TARGETED_DEVICE_FAMILY = "1,2";
				TEST_TARGET_NAME = "08.分栏控制器高级";
			};
			name = Debug;
		};
		281F42681FEE0150001E535C /* Release */ = {
			isa = XCBuildConfiguration;
			buildSettings = {
				CODE_SIGN_STYLE = Automatic;
				DEVELOPMENT_TEAM = 89FKMN349J;
				INFOPLIST_FILE = "08.分栏控制器高级UITests/Info.plist";
				LD_RUNPATH_SEARCH_PATHS = "$(inherited) @executable_path/Frameworks @loader_path/Frameworks";
				PRODUCT_BUNDLE_IDENTIFIER = "whz.-8--------UITests";
				PRODUCT_NAME = "$(TARGET_NAME)";
				TARGETED_DEVICE_FAMILY = "1,2";
				TEST_TARGET_NAME = "08.分栏控制器高级";
			};
			name = Release;
		};
/* End XCBuildConfiguration section */

/* Begin XCConfigurationList section */
		281F422F1FEE0150001E535C /* Build configuration list for PBXProject "08.分栏控制器高级" */ = {
			isa = XCConfigurationList;
			buildConfigurations = (
				281F425E1FEE0150001E535C /* Debug */,
				281F425F1FEE0150001E535C /* Release */,
			);
			defaultConfigurationIsVisible = 0;
			defaultConfigurationName = Release;
		};
		281F42601FEE0150001E535C /* Build configuration list for PBXNativeTarget "08.分栏控制器高级" */ = {
			isa = XCConfigurationList;
			buildConfigurations = (
				281F42611FEE0150001E535C /* Debug */,
				281F42621FEE0150001E535C /* Release */,
			);
			defaultConfigurationIsVisible = 0;
			defaultConfigurationName = Release;
		};
		281F42631FEE0150001E535C /* Build configuration list for PBXNativeTarget "08.分栏控制器高级Tests" */ = {
			isa = XCConfigurationList;
			buildConfigurations = (
				281F42641FEE0150001E535C /* Debug */,
				281F42651FEE0150001E535C /* Release */,
			);
			defaultConfigurationIsVisible = 0;
			defaultConfigurationName = Release;
		};
		281F42661FEE0150001E535C /* Build configuration list for PBXNativeTarget "08.分栏控制器高级UITests" */ = {
			isa = XCConfigurationList;
			buildConfigurations = (
				281F42671FEE0150001E535C /* Debug */,
				281F42681FEE0150001E535C /* Release */,
			);
			defaultConfigurationIsVisible = 0;
			defaultConfigurationName = Release;
		};
/* End XCConfigurationList section */
	};
	rootObject = 281F422C1FEE0150001E535C /* Project object */;
}
