// !$*UTF8*$!
{
	archiveVersion = 1;
	classes = {
	};
	objectVersion = 48;
	objects = {

/* Begin PBXBuildFile section */
		28006CB21FC12F5B0033A71C /* AppDelegate.m in Sources */ = {isa = PBXBuildFile; fileRef = 28006CB11FC12F5B0033A71C /* AppDelegate.m */; };
		28006CB51FC12F5B0033A71C /* ViewController.m in Sources */ = {isa = PBXBuildFile; fileRef = 28006CB41FC12F5B0033A71C /* ViewController.m */; };
		28006CB81FC12F5B0033A71C /* Main.storyboard in Resources */ = {isa = PBXBuildFile; fileRef = 28006CB61FC12F5B0033A71C /* Main.storyboard */; };
		28006CBA1FC12F5B0033A71C /* Assets.xcassets in Resources */ = {isa = PBXBuildFile; fileRef = 28006CB91FC12F5B0033A71C /* Assets.xcassets */; };
		28006CBD1FC12F5B0033A71C /* LaunchScreen.storyboard in Resources */ = {isa = PBXBuildFile; fileRef = 28006CBB1FC12F5B0033A71C /* LaunchScreen.storyboard */; };
		28006CC01FC12F5B0033A71C /* main.m in Sources */ = {isa = PBXBuildFile; fileRef = 28006CBF1FC12F5B0033A71C /* main.m */; };
		28006CCA1FC12F5B0033A71C /* _4________Tests.m in Sources */ = {isa = PBXBuildFile; fileRef = 28006CC91FC12F5B0033A71C /* _4________Tests.m */; };
		28006CD51FC12F5B0033A71C /* _4________UITests.m in Sources */ = {isa = PBXBuildFile; fileRef = 28006CD41FC12F5B0033A71C /* _4________UITests.m */; };
		28006CE41FC131200033A71C /* VCRoot.m in Sources */ = {isa = PBXBuildFile; fileRef = 28006CE31FC131200033A71C /* VCRoot.m */; };
/* End PBXBuildFile section */

/* Begin PBXContainerItemProxy section */
		28006CC61FC12F5B0033A71C /* PBXContainerItemProxy */ = {
			isa = PBXContainerItemProxy;
			containerPortal = 28006CA51FC12F5A0033A71C /* Project object */;
			proxyType = 1;
			remoteGlobalIDString = 28006CAC1FC12F5A0033A71C;
			remoteInfo = "04.导航控制器基础";
		};
		28006CD11FC12F5B0033A71C /* PBXContainerItemProxy */ = {
			isa = PBXContainerItemProxy;
			containerPortal = 28006CA51FC12F5A0033A71C /* Project object */;
			proxyType = 1;
			remoteGlobalIDString = 28006CAC1FC12F5A0033A71C;
			remoteInfo = "04.导航控制器基础";
		};
/* End PBXContainerItemProxy section */

/* Begin PBXFileReference section */
		28006CAD1FC12F5A0033A71C /* 04.导航控制器基础.app */ = {isa = PBXFileReference; explicitFileType = wrapper.application; includeInIndex = 0; path = "04.导航控制器基础.app"; sourceTree = BUILT_PRODUCTS_DIR; };
		28006CB01FC12F5A0033A71C /* AppDelegate.h */ = {isa = PBXFileReference; lastKnownFileType = sourcecode.c.h; path = AppDelegate.h; sourceTree = "<group>"; };
		28006CB11FC12F5B0033A71C /* AppDelegate.m */ = {isa = PBXFileReference; lastKnownFileType = sourcecode.c.objc; path = AppDelegate.m; sourceTree = "<group>"; };
		28006CB31FC12F5B0033A71C /* ViewController.h */ = {isa = PBXFileReference; lastKnownFileType = sourcecode.c.h; path = ViewController.h; sourceTree = "<group>"; };
		28006CB41FC12F5B0033A71C /* ViewController.m */ = {isa = PBXFileReference; lastKnownFileType = sourcecode.c.objc; path = ViewController.m; sourceTree = "<group>"; };
		28006CB71FC12F5B0033A71C /* Base */ = {isa = PBXFileReference; lastKnownFileType = file.storyboard; name = Base; path = Base.lproj/Main.storyboard; sourceTree = "<group>"; };
		28006CB91FC12F5B0033A71C /* Assets.xcassets */ = {isa = PBXFileReference; lastKnownFileType = folder.assetcatalog; path = Assets.xcassets; sourceTree = "<group>"; };
		28006CBC1FC12F5B0033A71C /* Base */ = {isa = PBXFileReference; lastKnownFileType = file.storyboard; name = Base; path = Base.lproj/LaunchScreen.storyboard; sourceTree = "<group>"; };
		28006CBE1FC12F5B0033A71C /* Info.plist */ = {isa = PBXFileReference; lastKnownFileType = text.plist.xml; path = Info.plist; sourceTree = "<group>"; };
		28006CBF1FC12F5B0033A71C /* main.m */ = {isa = PBXFileReference; lastKnownFileType = sourcecode.c.objc; path = main.m; sourceTree = "<group>"; };
		28006CC51FC12F5B0033A71C /* 04.导航控制器基础Tests.xctest */ = {isa = PBXFileReference; explicitFileType = wrapper.cfbundle; includeInIndex = 0; path = "04.导航控制器基础Tests.xctest"; sourceTree = BUILT_PRODUCTS_DIR; };
		28006CC91FC12F5B0033A71C /* _4________Tests.m */ = {isa = PBXFileReference; lastKnownFileType = sourcecode.c.objc; path = "_4________Tests.m"; sourceTree = "<group>"; };
		28006CCB1FC12F5B0033A71C /* Info.plist */ = {isa = PBXFileReference; lastKnownFileType = text.plist.xml; path = Info.plist; sourceTree = "<group>"; };
		28006CD01FC12F5B0033A71C /* 04.导航控制器基础UITests.xctest */ = {isa = PBXFileReference; explicitFileType = wrapper.cfbundle; includeInIndex = 0; path = "04.导航控制器基础UITests.xctest"; sourceTree = BUILT_PRODUCTS_DIR; };
		28006CD41FC12F5B0033A71C /* _4________UITests.m */ = {isa = PBXFileReference; lastKnownFileType = sourcecode.c.objc; path = "_4________UITests.m"; sourceTree = "<group>"; };
		28006CD61FC12F5B0033A71C /* Info.plist */ = {isa = PBXFileReference; lastKnownFileType = text.plist.xml; path = Info.plist; sourceTree = "<group>"; };
		28006CE21FC131200033A71C /* VCRoot.h */ = {isa = PBXFileReference; lastKnownFileType = sourcecode.c.h; path = VCRoot.h; sourceTree = "<group>"; };
		28006CE31FC131200033A71C /* VCRoot.m */ = {isa = PBXFileReference; lastKnownFileType = sourcecode.c.objc; path = VCRoot.m; sourceTree = "<group>"; };
/* End PBXFileReference section */

/* Begin PBXFrameworksBuildPhase section */
		28006CAA1FC12F5A0033A71C /* Frameworks */ = {
			isa = PBXFrameworksBuildPhase;
			buildActionMask = 2147483647;
			files = (
			);
			runOnlyForDeploymentPostprocessing = 0;
		};
		28006CC21FC12F5B0033A71C /* Frameworks */ = {
			isa = PBXFrameworksBuildPhase;
			buildActionMask = 2147483647;
			files = (
			);
			runOnlyForDeploymentPostprocessing = 0;
		};
		28006CCD1FC12F5B0033A71C /* Frameworks */ = {
			isa = PBXFrameworksBuildPhase;
			buildActionMask = 2147483647;
			files = (
			);
			runOnlyForDeploymentPostprocessing = 0;
		};
/* End PBXFrameworksBuildPhase section */

/* Begin PBXGroup section */
		28006CA41FC12F5A0033A71C = {
			isa = PBXGroup;
			children = (
				28006CAF1FC12F5A0033A71C /* 04.导航控制器基础 */,
				28006CC81FC12F5B0033A71C /* 04.导航控制器基础Tests */,
				28006CD31FC12F5B0033A71C /* 04.导航控制器基础UITests */,
				28006CAE1FC12F5A0033A71C /* Products */,
			);
			sourceTree = "<group>";
		};
		28006CAE1FC12F5A0033A71C /* Products */ = {
			isa = PBXGroup;
			children = (
				28006CAD1FC12F5A0033A71C /* 04.导航控制器基础.app */,
				28006CC51FC12F5B0033A71C /* 04.导航控制器基础Tests.xctest */,
				28006CD01FC12F5B0033A71C /* 04.导航控制器基础UITests.xctest */,
			);
			name = Products;
			sourceTree = "<group>";
		};
		28006CAF1FC12F5A0033A71C /* 04.导航控制器基础 */ = {
			isa = PBXGroup;
			children = (
				28006CB01FC12F5A0033A71C /* AppDelegate.h */,
				28006CB11FC12F5B0033A71C /* AppDelegate.m */,
				28006CB31FC12F5B0033A71C /* ViewController.h */,
				28006CB41FC12F5B0033A71C /* ViewController.m */,
				28006CE21FC131200033A71C /* VCRoot.h */,
				28006CE31FC131200033A71C /* VCRoot.m */,
				28006CB61FC12F5B0033A71C /* Main.storyboard */,
				28006CB91FC12F5B0033A71C /* Assets.xcassets */,
				28006CBB1FC12F5B0033A71C /* LaunchScreen.storyboard */,
				28006CBE1FC12F5B0033A71C /* Info.plist */,
				28006CBF1FC12F5B0033A71C /* main.m */,
			);
			path = "04.导航控制器基础";
			sourceTree = "<group>";
		};
		28006CC81FC12F5B0033A71C /* 04.导航控制器基础Tests */ = {
			isa = PBXGroup;
			children = (
				28006CC91FC12F5B0033A71C /* _4________Tests.m */,
				28006CCB1FC12F5B0033A71C /* Info.plist */,
			);
			path = "04.导航控制器基础Tests";
			sourceTree = "<group>";
		};
		28006CD31FC12F5B0033A71C /* 04.导航控制器基础UITests */ = {
			isa = PBXGroup;
			children = (
				28006CD41FC12F5B0033A71C /* _4________UITests.m */,
				28006CD61FC12F5B0033A71C /* Info.plist */,
			);
			path = "04.导航控制器基础UITests";
			sourceTree = "<group>";
		};
/* End PBXGroup section */

/* Begin PBXNativeTarget section */
		28006CAC1FC12F5A0033A71C /* 04.导航控制器基础 */ = {
			isa = PBXNativeTarget;
			buildConfigurationList = 28006CD91FC12F5B0033A71C /* Build configuration list for PBXNativeTarget "04.导航控制器基础" */;
			buildPhases = (
				28006CA91FC12F5A0033A71C /* Sources */,
				28006CAA1FC12F5A0033A71C /* Frameworks */,
				28006CAB1FC12F5A0033A71C /* Resources */,
			);
			buildRules = (
			);
			dependencies = (
			);
			name = "04.导航控制器基础";
			productName = "04.导航控制器基础";
			productReference = 28006CAD1FC12F5A0033A71C /* 04.导航控制器基础.app */;
			productType = "com.apple.product-type.application";
		};
		28006CC41FC12F5B0033A71C /* 04.导航控制器基础Tests */ = {
			isa = PBXNativeTarget;
			buildConfigurationList = 28006CDC1FC12F5B0033A71C /* Build configuration list for PBXNativeTarget "04.导航控制器基础Tests" */;
			buildPhases = (
				28006CC11FC12F5B0033A71C /* Sources */,
				28006CC21FC12F5B0033A71C /* Frameworks */,
				28006CC31FC12F5B0033A71C /* Resources */,
			);
			buildRules = (
			);
			dependencies = (
				28006CC71FC12F5B0033A71C /* PBXTargetDependency */,
			);
			name = "04.导航控制器基础Tests";
			productName = "04.导航控制器基础Tests";
			productReference = 28006CC51FC12F5B0033A71C /* 04.导航控制器基础Tests.xctest */;
			productType = "com.apple.product-type.bundle.unit-test";
		};
		28006CCF1FC12F5B0033A71C /* 04.导航控制器基础UITests */ = {
			isa = PBXNativeTarget;
			buildConfigurationList = 28006CDF1FC12F5B0033A71C /* Build configuration list for PBXNativeTarget "04.导航控制器基础UITests" */;
			buildPhases = (
				28006CCC1FC12F5B0033A71C /* Sources */,
				28006CCD1FC12F5B0033A71C /* Frameworks */,
				28006CCE1FC12F5B0033A71C /* Resources */,
			);
			buildRules = (
			);
			dependencies = (
				28006CD21FC12F5B0033A71C /* PBXTargetDependency */,
			);
			name = "04.导航控制器基础UITests";
			productName = "04.导航控制器基础UITests";
			productReference = 28006CD01FC12F5B0033A71C /* 04.导航控制器基础UITests.xctest */;
			productType = "com.apple.product-type.bundle.ui-testing";
		};
/* End PBXNativeTarget section */

/* Begin PBXProject section */
		28006CA51FC12F5A0033A71C /* Project object */ = {
			isa = PBXProject;
			attributes = {
				LastUpgradeCheck = 0910;
				ORGANIZATIONNAME = "王浩祯";
				TargetAttributes = {
					28006CAC1FC12F5A0033A71C = {
						CreatedOnToolsVersion = 9.1;
						ProvisioningStyle = Automatic;
					};
					28006CC41FC12F5B0033A71C = {
						CreatedOnToolsVersion = 9.1;
						ProvisioningStyle = Automatic;
						TestTargetID = 28006CAC1FC12F5A0033A71C;
					};
					28006CCF1FC12F5B0033A71C = {
						CreatedOnToolsVersion = 9.1;
						ProvisioningStyle = Automatic;
						TestTargetID = 28006CAC1FC12F5A0033A71C;
					};
				};
			};
			buildConfigurationList = 28006CA81FC12F5A0033A71C /* Build configuration list for PBXProject "04.导航控制器基础" */;
			compatibilityVersion = "Xcode 8.0";
			developmentRegion = en;
			hasScannedForEncodings = 0;
			knownRegions = (
				en,
				Base,
			);
			mainGroup = 28006CA41FC12F5A0033A71C;
			productRefGroup = 28006CAE1FC12F5A0033A71C /* Products */;
			projectDirPath = "";
			projectRoot = "";
			targets = (
				28006CAC1FC12F5A0033A71C /* 04.导航控制器基础 */,
				28006CC41FC12F5B0033A71C /* 04.导航控制器基础Tests */,
				28006CCF1FC12F5B0033A71C /* 04.导航控制器基础UITests */,
			);
		};
/* End PBXProject section */

/* Begin PBXResourcesBuildPhase section */
		28006CAB1FC12F5A0033A71C /* Resources */ = {
			isa = PBXResourcesBuildPhase;
			buildActionMask = 2147483647;
			files = (
				28006CBD1FC12F5B0033A71C /* LaunchScreen.storyboard in Resources */,
				28006CBA1FC12F5B0033A71C /* Assets.xcassets in Resources */,
				28006CB81FC12F5B0033A71C /* Main.storyboard in Resources */,
			);
			runOnlyForDeploymentPostprocessing = 0;
		};
		28006CC31FC12F5B0033A71C /* Resources */ = {
			isa = PBXResourcesBuildPhase;
			buildActionMask = 2147483647;
			files = (
			);
			runOnlyForDeploymentPostprocessing = 0;
		};
		28006CCE1FC12F5B0033A71C /* Resources */ = {
			isa = PBXResourcesBuildPhase;
			buildActionMask = 2147483647;
			files = (
			);
			runOnlyForDeploymentPostprocessing = 0;
		};
/* End PBXResourcesBuildPhase section */

/* Begin PBXSourcesBuildPhase section */
		28006CA91FC12F5A0033A71C /* Sources */ = {
			isa = PBXSourcesBuildPhase;
			buildActionMask = 2147483647;
			files = (
				28006CE41FC131200033A71C /* VCRoot.m in Sources */,
				28006CB51FC12F5B0033A71C /* ViewController.m in Sources */,
				28006CC01FC12F5B0033A71C /* main.m in Sources */,
				28006CB21FC12F5B0033A71C /* AppDelegate.m in Sources */,
			);
			runOnlyForDeploymentPostprocessing = 0;
		};
		28006CC11FC12F5B0033A71C /* Sources */ = {
			isa = PBXSourcesBuildPhase;
			buildActionMask = 2147483647;
			files = (
				28006CCA1FC12F5B0033A71C /* _4________Tests.m in Sources */,
			);
			runOnlyForDeploymentPostprocessing = 0;
		};
		28006CCC1FC12F5B0033A71C /* Sources */ = {
			isa = PBXSourcesBuildPhase;
			buildActionMask = 2147483647;
			files = (
				28006CD51FC12F5B0033A71C /* _4________UITests.m in Sources */,
			);
			runOnlyForDeploymentPostprocessing = 0;
		};
/* End PBXSourcesBuildPhase section */

/* Begin PBXTargetDependency section */
		28006CC71FC12F5B0033A71C /* PBXTargetDependency */ = {
			isa = PBXTargetDependency;
			target = 28006CAC1FC12F5A0033A71C /* 04.导航控制器基础 */;
			targetProxy = 28006CC61FC12F5B0033A71C /* PBXContainerItemProxy */;
		};
		28006CD21FC12F5B0033A71C /* PBXTargetDependency */ = {
			isa = PBXTargetDependency;
			target = 28006CAC1FC12F5A0033A71C /* 04.导航控制器基础 */;
			targetProxy = 28006CD11FC12F5B0033A71C /* PBXContainerItemProxy */;
		};
/* End PBXTargetDependency section */

/* Begin PBXVariantGroup section */
		28006CB61FC12F5B0033A71C /* Main.storyboard */ = {
			isa = PBXVariantGroup;
			children = (
				28006CB71FC12F5B0033A71C /* Base */,
			);
			name = Main.storyboard;
			sourceTree = "<group>";
		};
		28006CBB1FC12F5B0033A71C /* LaunchScreen.storyboard */ = {
			isa = PBXVariantGroup;
			children = (
				28006CBC1FC12F5B0033A71C /* Base */,
			);
			name = LaunchScreen.storyboard;
			sourceTree = "<group>";
		};
/* End PBXVariantGroup section */

/* Begin XCBuildConfiguration section */
		28006CD71FC12F5B0033A71C /* Debug */ = {
			isa = XCBuildConfiguration;
			buildSettings = {
				ALWAYS_SEARCH_USER_PATHS = NO;
				CLANG_ANALYZER_NONNULL = YES;
				CLANG_ANALYZER_NUMBER_OBJECT_CONVERSION = YES_AGGRESSIVE;
				CLANG_CXX_LANGUAGE_STANDARD = "gnu++14";
				CLANG_CXX_LIBRARY = "libc++";
				CLANG_ENABLE_MODULES = YES;
				CLANG_ENABLE_OBJC_ARC = YES;
				CLANG_WARN_BLOCK_CAPTURE_AUTORELEASING = YES;
				CLANG_WARN_BOOL_CONVERSION = YES;
				CLANG_WARN_COMMA = YES;
				CLANG_WARN_CONSTANT_CONVERSION = YES;
				CLANG_WARN_DIRECT_OBJC_ISA_USAGE = YES_ERROR;
				CLANG_WARN_DOCUMENTATION_COMMENTS = YES;
				CLANG_WARN_EMPTY_BODY = YES;
				CLANG_WARN_ENUM_CONVERSION = YES;
				CLANG_WARN_INFINITE_RECURSION = YES;
				CLANG_WARN_INT_CONVERSION = YES;
				CLANG_WARN_NON_LITERAL_NULL_CONVERSION = YES;
				CLANG_WARN_OBJC_LITERAL_CONVERSION = YES;
				CLANG_WARN_OBJC_ROOT_CLASS = YES_ERROR;
				CLANG_WARN_RANGE_LOOP_ANALYSIS = YES;
				CLANG_WARN_STRICT_PROTOTYPES = YES;
				CLANG_WARN_SUSPICIOUS_MOVE = YES;
				CLANG_WARN_UNGUARDED_AVAILABILITY = YES_AGGRESSIVE;
				CLANG_WARN_UNREACHABLE_CODE = YES;
				CLANG_WARN__DUPLICATE_METHOD_MATCH = YES;
				CODE_SIGN_IDENTITY = "iPhone Developer";
				COPY_PHASE_STRIP = NO;
				DEBUG_INFORMATION_FORMAT = dwarf;
				ENABLE_STRICT_OBJC_MSGSEND = YES;
				ENABLE_TESTABILITY = YES;
				GCC_C_LANGUAGE_STANDARD = gnu11;
				GCC_DYNAMIC_NO_PIC = NO;
				GCC_NO_COMMON_BLOCKS = YES;
				GCC_OPTIMIZATION_LEVEL = 0;
				GCC_PREPROCESSOR_DEFINITIONS = (
					"DEBUG=1",
					"$(inherited)",
				);
				GCC_WARN_64_TO_32_BIT_CONVERSION = YES;
				GCC_WARN_ABOUT_RETURN_TYPE = YES_ERROR;
				GCC_WARN_UNDECLARED_SELECTOR = YES;
				GCC_WARN_UNINITIALIZED_AUTOS = YES_AGGRESSIVE;
				GCC_WARN_UNUSED_FUNCTION = YES;
				GCC_WARN_UNUSED_VARIABLE = YES;
				IPHONEOS_DEPLOYMENT_TARGET = 11.1;
				MTL_ENABLE_DEBUG_INFO = YES;
				ONLY_ACTIVE_ARCH = YES;
				SDKROOT = iphoneos;
			};
			name = Debug;
		};
		28006CD81FC12F5B0033A71C /* Release */ = {
			isa = XCBuildConfiguration;
			buildSettings = {
				ALWAYS_SEARCH_USER_PATHS = NO;
				CLANG_ANALYZER_NONNULL = YES;
				CLANG_ANALYZER_NUMBER_OBJECT_CONVERSION = YES_AGGRESSIVE;
				CLANG_CXX_LANGUAGE_STANDARD = "gnu++14";
				CLANG_CXX_LIBRARY = "libc++";
				CLANG_ENABLE_MODULES = YES;
				CLANG_ENABLE_OBJC_ARC = YES;
				CLANG_WARN_BLOCK_CAPTURE_AUTORELEASING = YES;
				CLANG_WARN_BOOL_CONVERSION = YES;
				CLANG_WARN_COMMA = YES;
				CLANG_WARN_CONSTANT_CONVERSION = YES;
				CLANG_WARN_DIRECT_OBJC_ISA_USAGE = YES_ERROR;
				CLANG_WARN_DOCUMENTATION_COMMENTS = YES;
				CLANG_WARN_EMPTY_BODY = YES;
				CLANG_WARN_ENUM_CONVERSION = YES;
				CLANG_WARN_INFINITE_RECURSION = YES;
				CLANG_WARN_INT_CONVERSION = YES;
				CLANG_WARN_NON_LITERAL_NULL_CONVERSION = YES;
				CLANG_WARN_OBJC_LITERAL_CONVERSION = YES;
				CLANG_WARN_OBJC_ROOT_CLASS = YES_ERROR;
				CLANG_WARN_RANGE_LOOP_ANALYSIS = YES;
				CLANG_WARN_STRICT_PROTOTYPES = YES;
				CLANG_WARN_SUSPICIOUS_MOVE = YES;
				CLANG_WARN_UNGUARDED_AVAILABILITY = YES_AGGRESSIVE;
				CLANG_WARN_UNREACHABLE_CODE = YES;
				CLANG_WARN__DUPLICATE_METHOD_MATCH = YES;
				CODE_SIGN_IDENTITY = "iPhone Developer";
				COPY_PHASE_STRIP = NO;
				DEBUG_INFORMATION_FORMAT = "dwarf-with-dsym";
				ENABLE_NS_ASSERTIONS = NO;
				ENABLE_STRICT_OBJC_MSGSEND = YES;
				GCC_C_LANGUAGE_STANDARD = gnu11;
				GCC_NO_COMMON_BLOCKS = YES;
				GCC_WARN_64_TO_32_BIT_CONVERSION = YES;
				GCC_WARN_ABOUT_RETURN_TYPE = YES_ERROR;
				GCC_WARN_UNDECLARED_SELECTOR = YES;
				GCC_WARN_UNINITIALIZED_AUTOS = YES_AGGRESSIVE;
				GCC_WARN_UNUSED_FUNCTION = YES;
				GCC_WARN_UNUSED_VARIABLE = YES;
				IPHONEOS_DEPLOYMENT_TARGET = 11.1;
				MTL_ENABLE_DEBUG_INFO = NO;
				SDKROOT = iphoneos;
				VALIDATE_PRODUCT = YES;
			};
			name = Release;
		};
		28006CDA1FC12F5B0033A71C /* Debug */ = {
			isa = XCBuildConfiguration;
			buildSettings = {
				ASSETCATALOG_COMPILER_APPICON_NAME = AppIcon;
				CODE_SIGN_STYLE = Automatic;
				DEVELOPMENT_TEAM = 89FKMN349J;
				INFOPLIST_FILE = "04.导航控制器基础/Info.plist";
				LD_RUNPATH_SEARCH_PATHS = "$(inherited) @executable_path/Frameworks";
				PRODUCT_BUNDLE_IDENTIFIER = "whz.UIButton--";
				PRODUCT_NAME = "$(TARGET_NAME)";
				TARGETED_DEVICE_FAMILY = "1,2";
			};
			name = Debug;
		};
		28006CDB1FC12F5B0033A71C /* Release */ = {
			isa = XCBuildConfiguration;
			buildSettings = {
				ASSETCATALOG_COMPILER_APPICON_NAME = AppIcon;
				CODE_SIGN_STYLE = Automatic;
				DEVELOPMENT_TEAM = 89FKMN349J;
				INFOPLIST_FILE = "04.导航控制器基础/Info.plist";
				LD_RUNPATH_SEARCH_PATHS = "$(inherited) @executable_path/Frameworks";
				PRODUCT_BUNDLE_IDENTIFIER = "whz.UIButton--";
				PRODUCT_NAME = "$(TARGET_NAME)";
				TARGETED_DEVICE_FAMILY = "1,2";
			};
			name = Release;
		};
		28006CDD1FC12F5B0033A71C /* Debug */ = {
			isa = XCBuildConfiguration;
			buildSettings = {
				BUNDLE_LOADER = "$(TEST_HOST)";
				CODE_SIGN_STYLE = Automatic;
				DEVELOPMENT_TEAM = 89FKMN349J;
				INFOPLIST_FILE = "04.导航控制器基础Tests/Info.plist";
				LD_RUNPATH_SEARCH_PATHS = "$(inherited) @executable_path/Frameworks @loader_path/Frameworks";
				PRODUCT_BUNDLE_IDENTIFIER = "whz.-4--------Tests";
				PRODUCT_NAME = "$(TARGET_NAME)";
				TARGETED_DEVICE_FAMILY = "1,2";
				TEST_HOST = "$(BUILT_PRODUCTS_DIR)/04.导航控制器基础.app/04.导航控制器基础";
			};
			name = Debug;
		};
		28006CDE1FC12F5B0033A71C /* Release */ = {
			isa = XCBuildConfiguration;
			buildSettings = {
				BUNDLE_LOADER = "$(TEST_HOST)";
				CODE_SIGN_STYLE = Automatic;
				DEVELOPMENT_TEAM = 89FKMN349J;
				INFOPLIST_FILE = "04.导航控制器基础Tests/Info.plist";
				LD_RUNPATH_SEARCH_PATHS = "$(inherited) @executable_path/Frameworks @loader_path/Frameworks";
				PRODUCT_BUNDLE_IDENTIFIER = "whz.-4--------Tests";
				PRODUCT_NAME = "$(TARGET_NAME)";
				TARGETED_DEVICE_FAMILY = "1,2";
				TEST_HOST = "$(BUILT_PRODUCTS_DIR)/04.导航控制器基础.app/04.导航控制器基础";
			};
			name = Release;
		};
		28006CE01FC12F5B0033A71C /* Debug */ = {
			isa = XCBuildConfiguration;
			buildSettings = {
				CODE_SIGN_STYLE = Automatic;
				DEVELOPMENT_TEAM = 89FKMN349J;
				INFOPLIST_FILE = "04.导航控制器基础UITests/Info.plist";
				LD_RUNPATH_SEARCH_PATHS = "$(inherited) @executable_path/Frameworks @loader_path/Frameworks";
				PRODUCT_BUNDLE_IDENTIFIER = "whz.-4--------UITests";
				PRODUCT_NAME = "$(TARGET_NAME)";
				TARGETED_DEVICE_FAMILY = "1,2";
				TEST_TARGET_NAME = "04.导航控制器基础";
			};
			name = Debug;
		};
		28006CE11FC12F5B0033A71C /* Release */ = {
			isa = XCBuildConfiguration;
			buildSettings = {
				CODE_SIGN_STYLE = Automatic;
				DEVELOPMENT_TEAM = 89FKMN349J;
				INFOPLIST_FILE = "04.导航控制器基础UITests/Info.plist";
				LD_RUNPATH_SEARCH_PATHS = "$(inherited) @executable_path/Frameworks @loader_path/Frameworks";
				PRODUCT_BUNDLE_IDENTIFIER = "whz.-4--------UITests";
				PRODUCT_NAME = "$(TARGET_NAME)";
				TARGETED_DEVICE_FAMILY = "1,2";
				TEST_TARGET_NAME = "04.导航控制器基础";
			};
			name = Release;
		};
/* End XCBuildConfiguration section */

/* Begin XCConfigurationList section */
		28006CA81FC12F5A0033A71C /* Build configuration list for PBXProject "04.导航控制器基础" */ = {
			isa = XCConfigurationList;
			buildConfigurations = (
				28006CD71FC12F5B0033A71C /* Debug */,
				28006CD81FC12F5B0033A71C /* Release */,
			);
			defaultConfigurationIsVisible = 0;
			defaultConfigurationName = Release;
		};
		28006CD91FC12F5B0033A71C /* Build configuration list for PBXNativeTarget "04.导航控制器基础" */ = {
			isa = XCConfigurationList;
			buildConfigurations = (
				28006CDA1FC12F5B0033A71C /* Debug */,
				28006CDB1FC12F5B0033A71C /* Release */,
			);
			defaultConfigurationIsVisible = 0;
			defaultConfigurationName = Release;
		};
		28006CDC1FC12F5B0033A71C /* Build configuration list for PBXNativeTarget "04.导航控制器基础Tests" */ = {
			isa = XCConfigurationList;
			buildConfigurations = (
				28006CDD1FC12F5B0033A71C /* Debug */,
				28006CDE1FC12F5B0033A71C /* Release */,
			);
			defaultConfigurationIsVisible = 0;
			defaultConfigurationName = Release;
		};
		28006CDF1FC12F5B0033A71C /* Build configuration list for PBXNativeTarget "04.导航控制器基础UITests" */ = {
			isa = XCConfigurationList;
			buildConfigurations = (
				28006CE01FC12F5B0033A71C /* Debug */,
				28006CE11FC12F5B0033A71C /* Release */,
			);
			defaultConfigurationIsVisible = 0;
			defaultConfigurationName = Release;
		};
/* End XCConfigurationList section */
	};
	rootObject = 28006CA51FC12F5A0033A71C /* Project object */;
}
