// !$*UTF8*$!
{
	archiveVersion = 1;
	classes = {
	};
	objectVersion = 48;
	objects = {

/* Begin PBXBuildFile section */
		28B66B531FCFE78F0014A44E /* AppDelegate.m in Sources */ = {isa = PBXBuildFile; fileRef = 28B66B521FCFE78F0014A44E /* AppDelegate.m */; };
		28B66B561FCFE78F0014A44E /* ViewController.m in Sources */ = {isa = PBXBuildFile; fileRef = 28B66B551FCFE78F0014A44E /* ViewController.m */; };
		28B66B591FCFE78F0014A44E /* Main.storyboard in Resources */ = {isa = PBXBuildFile; fileRef = 28B66B571FCFE78F0014A44E /* Main.storyboard */; };
		28B66B5B1FCFE78F0014A44E /* Assets.xcassets in Resources */ = {isa = PBXBuildFile; fileRef = 28B66B5A1FCFE78F0014A44E /* Assets.xcassets */; };
		28B66B5E1FCFE78F0014A44E /* LaunchScreen.storyboard in Resources */ = {isa = PBXBuildFile; fileRef = 28B66B5C1FCFE78F0014A44E /* LaunchScreen.storyboard */; };
		28B66B611FCFE78F0014A44E /* main.m in Sources */ = {isa = PBXBuildFile; fileRef = 28B66B601FCFE78F0014A44E /* main.m */; };
		28B66B6B1FCFE78F0014A44E /* _6_UITableView___Tests.m in Sources */ = {isa = PBXBuildFile; fileRef = 28B66B6A1FCFE78F0014A44E /* _6_UITableView___Tests.m */; };
		28B66B761FCFE78F0014A44E /* _6_UITableView___UITests.m in Sources */ = {isa = PBXBuildFile; fileRef = 28B66B751FCFE78F0014A44E /* _6_UITableView___UITests.m */; };
/* End PBXBuildFile section */

/* Begin PBXContainerItemProxy section */
		28B66B671FCFE78F0014A44E /* PBXContainerItemProxy */ = {
			isa = PBXContainerItemProxy;
			containerPortal = 28B66B461FCFE78F0014A44E /* Project object */;
			proxyType = 1;
			remoteGlobalIDString = 28B66B4D1FCFE78F0014A44E;
			remoteInfo = "16.UITableView单元格";
		};
		28B66B721FCFE78F0014A44E /* PBXContainerItemProxy */ = {
			isa = PBXContainerItemProxy;
			containerPortal = 28B66B461FCFE78F0014A44E /* Project object */;
			proxyType = 1;
			remoteGlobalIDString = 28B66B4D1FCFE78F0014A44E;
			remoteInfo = "16.UITableView单元格";
		};
/* End PBXContainerItemProxy section */

/* Begin PBXFileReference section */
		28B66B4E1FCFE78F0014A44E /* 16.UITableView单元格.app */ = {isa = PBXFileReference; explicitFileType = wrapper.application; includeInIndex = 0; path = "16.UITableView单元格.app"; sourceTree = BUILT_PRODUCTS_DIR; };
		28B66B511FCFE78F0014A44E /* AppDelegate.h */ = {isa = PBXFileReference; lastKnownFileType = sourcecode.c.h; path = AppDelegate.h; sourceTree = "<group>"; };
		28B66B521FCFE78F0014A44E /* AppDelegate.m */ = {isa = PBXFileReference; lastKnownFileType = sourcecode.c.objc; path = AppDelegate.m; sourceTree = "<group>"; };
		28B66B541FCFE78F0014A44E /* ViewController.h */ = {isa = PBXFileReference; lastKnownFileType = sourcecode.c.h; path = ViewController.h; sourceTree = "<group>"; };
		28B66B551FCFE78F0014A44E /* ViewController.m */ = {isa = PBXFileReference; lastKnownFileType = sourcecode.c.objc; path = ViewController.m; sourceTree = "<group>"; };
		28B66B581FCFE78F0014A44E /* Base */ = {isa = PBXFileReference; lastKnownFileType = file.storyboard; name = Base; path = Base.lproj/Main.storyboard; sourceTree = "<group>"; };
		28B66B5A1FCFE78F0014A44E /* Assets.xcassets */ = {isa = PBXFileReference; lastKnownFileType = folder.assetcatalog; path = Assets.xcassets; sourceTree = "<group>"; };
		28B66B5D1FCFE78F0014A44E /* Base */ = {isa = PBXFileReference; lastKnownFileType = file.storyboard; name = Base; path = Base.lproj/LaunchScreen.storyboard; sourceTree = "<group>"; };
		28B66B5F1FCFE78F0014A44E /* Info.plist */ = {isa = PBXFileReference; lastKnownFileType = text.plist.xml; path = Info.plist; sourceTree = "<group>"; };
		28B66B601FCFE78F0014A44E /* main.m */ = {isa = PBXFileReference; lastKnownFileType = sourcecode.c.objc; path = main.m; sourceTree = "<group>"; };
		28B66B661FCFE78F0014A44E /* 16.UITableView单元格Tests.xctest */ = {isa = PBXFileReference; explicitFileType = wrapper.cfbundle; includeInIndex = 0; path = "16.UITableView单元格Tests.xctest"; sourceTree = BUILT_PRODUCTS_DIR; };
		28B66B6A1FCFE78F0014A44E /* _6_UITableView___Tests.m */ = {isa = PBXFileReference; lastKnownFileType = sourcecode.c.objc; path = "_6_UITableView___Tests.m"; sourceTree = "<group>"; };
		28B66B6C1FCFE78F0014A44E /* Info.plist */ = {isa = PBXFileReference; lastKnownFileType = text.plist.xml; path = Info.plist; sourceTree = "<group>"; };
		28B66B711FCFE78F0014A44E /* 16.UITableView单元格UITests.xctest */ = {isa = PBXFileReference; explicitFileType = wrapper.cfbundle; includeInIndex = 0; path = "16.UITableView单元格UITests.xctest"; sourceTree = BUILT_PRODUCTS_DIR; };
		28B66B751FCFE78F0014A44E /* _6_UITableView___UITests.m */ = {isa = PBXFileReference; lastKnownFileType = sourcecode.c.objc; path = "_6_UITableView___UITests.m"; sourceTree = "<group>"; };
		28B66B771FCFE78F0014A44E /* Info.plist */ = {isa = PBXFileReference; lastKnownFileType = text.plist.xml; path = Info.plist; sourceTree = "<group>"; };
/* End PBXFileReference section */

/* Begin PBXFrameworksBuildPhase section */
		28B66B4B1FCFE78F0014A44E /* Frameworks */ = {
			isa = PBXFrameworksBuildPhase;
			buildActionMask = 2147483647;
			files = (
			);
			runOnlyForDeploymentPostprocessing = 0;
		};
		28B66B631FCFE78F0014A44E /* Frameworks */ = {
			isa = PBXFrameworksBuildPhase;
			buildActionMask = 2147483647;
			files = (
			);
			runOnlyForDeploymentPostprocessing = 0;
		};
		28B66B6E1FCFE78F0014A44E /* Frameworks */ = {
			isa = PBXFrameworksBuildPhase;
			buildActionMask = 2147483647;
			files = (
			);
			runOnlyForDeploymentPostprocessing = 0;
		};
/* End PBXFrameworksBuildPhase section */

/* Begin PBXGroup section */
		28B66B451FCFE78F0014A44E = {
			isa = PBXGroup;
			children = (
				28B66B501FCFE78F0014A44E /* 16.UITableView单元格 */,
				28B66B691FCFE78F0014A44E /* 16.UITableView单元格Tests */,
				28B66B741FCFE78F0014A44E /* 16.UITableView单元格UITests */,
				28B66B4F1FCFE78F0014A44E /* Products */,
			);
			sourceTree = "<group>";
		};
		28B66B4F1FCFE78F0014A44E /* Products */ = {
			isa = PBXGroup;
			children = (
				28B66B4E1FCFE78F0014A44E /* 16.UITableView单元格.app */,
				28B66B661FCFE78F0014A44E /* 16.UITableView单元格Tests.xctest */,
				28B66B711FCFE78F0014A44E /* 16.UITableView单元格UITests.xctest */,
			);
			name = Products;
			sourceTree = "<group>";
		};
		28B66B501FCFE78F0014A44E /* 16.UITableView单元格 */ = {
			isa = PBXGroup;
			children = (
				28B66B511FCFE78F0014A44E /* AppDelegate.h */,
				28B66B521FCFE78F0014A44E /* AppDelegate.m */,
				28B66B541FCFE78F0014A44E /* ViewController.h */,
				28B66B551FCFE78F0014A44E /* ViewController.m */,
				28B66B571FCFE78F0014A44E /* Main.storyboard */,
				28B66B5A1FCFE78F0014A44E /* Assets.xcassets */,
				28B66B5C1FCFE78F0014A44E /* LaunchScreen.storyboard */,
				28B66B5F1FCFE78F0014A44E /* Info.plist */,
				28B66B601FCFE78F0014A44E /* main.m */,
			);
			path = "16.UITableView单元格";
			sourceTree = "<group>";
		};
		28B66B691FCFE78F0014A44E /* 16.UITableView单元格Tests */ = {
			isa = PBXGroup;
			children = (
				28B66B6A1FCFE78F0014A44E /* _6_UITableView___Tests.m */,
				28B66B6C1FCFE78F0014A44E /* Info.plist */,
			);
			path = "16.UITableView单元格Tests";
			sourceTree = "<group>";
		};
		28B66B741FCFE78F0014A44E /* 16.UITableView单元格UITests */ = {
			isa = PBXGroup;
			children = (
				28B66B751FCFE78F0014A44E /* _6_UITableView___UITests.m */,
				28B66B771FCFE78F0014A44E /* Info.plist */,
			);
			path = "16.UITableView单元格UITests";
			sourceTree = "<group>";
		};
/* End PBXGroup section */

/* Begin PBXNativeTarget section */
		28B66B4D1FCFE78F0014A44E /* 16.UITableView单元格 */ = {
			isa = PBXNativeTarget;
			buildConfigurationList = 28B66B7A1FCFE78F0014A44E /* Build configuration list for PBXNativeTarget "16.UITableView单元格" */;
			buildPhases = (
				28B66B4A1FCFE78F0014A44E /* Sources */,
				28B66B4B1FCFE78F0014A44E /* Frameworks */,
				28B66B4C1FCFE78F0014A44E /* Resources */,
			);
			buildRules = (
			);
			dependencies = (
			);
			name = "16.UITableView单元格";
			productName = "16.UITableView单元格";
			productReference = 28B66B4E1FCFE78F0014A44E /* 16.UITableView单元格.app */;
			productType = "com.apple.product-type.application";
		};
		28B66B651FCFE78F0014A44E /* 16.UITableView单元格Tests */ = {
			isa = PBXNativeTarget;
			buildConfigurationList = 28B66B7D1FCFE78F0014A44E /* Build configuration list for PBXNativeTarget "16.UITableView单元格Tests" */;
			buildPhases = (
				28B66B621FCFE78F0014A44E /* Sources */,
				28B66B631FCFE78F0014A44E /* Frameworks */,
				28B66B641FCFE78F0014A44E /* Resources */,
			);
			buildRules = (
			);
			dependencies = (
				28B66B681FCFE78F0014A44E /* PBXTargetDependency */,
			);
			name = "16.UITableView单元格Tests";
			productName = "16.UITableView单元格Tests";
			productReference = 28B66B661FCFE78F0014A44E /* 16.UITableView单元格Tests.xctest */;
			productType = "com.apple.product-type.bundle.unit-test";
		};
		28B66B701FCFE78F0014A44E /* 16.UITableView单元格UITests */ = {
			isa = PBXNativeTarget;
			buildConfigurationList = 28B66B801FCFE78F0014A44E /* Build configuration list for PBXNativeTarget "16.UITableView单元格UITests" */;
			buildPhases = (
				28B66B6D1FCFE78F0014A44E /* Sources */,
				28B66B6E1FCFE78F0014A44E /* Frameworks */,
				28B66B6F1FCFE78F0014A44E /* Resources */,
			);
			buildRules = (
			);
			dependencies = (
				28B66B731FCFE78F0014A44E /* PBXTargetDependency */,
			);
			name = "16.UITableView单元格UITests";
			productName = "16.UITableView单元格UITests";
			productReference = 28B66B711FCFE78F0014A44E /* 16.UITableView单元格UITests.xctest */;
			productType = "com.apple.product-type.bundle.ui-testing";
		};
/* End PBXNativeTarget section */

/* Begin PBXProject section */
		28B66B461FCFE78F0014A44E /* Project object */ = {
			isa = PBXProject;
			attributes = {
				LastUpgradeCheck = 0910;
				ORGANIZATIONNAME = "王浩祯";
				TargetAttributes = {
					28B66B4D1FCFE78F0014A44E = {
						CreatedOnToolsVersion = 9.1;
						ProvisioningStyle = Automatic;
					};
					28B66B651FCFE78F0014A44E = {
						CreatedOnToolsVersion = 9.1;
						ProvisioningStyle = Automatic;
						TestTargetID = 28B66B4D1FCFE78F0014A44E;
					};
					28B66B701FCFE78F0014A44E = {
						CreatedOnToolsVersion = 9.1;
						ProvisioningStyle = Automatic;
						TestTargetID = 28B66B4D1FCFE78F0014A44E;
					};
				};
			};
			buildConfigurationList = 28B66B491FCFE78F0014A44E /* Build configuration list for PBXProject "16.UITableView单元格" */;
			compatibilityVersion = "Xcode 8.0";
			developmentRegion = en;
			hasScannedForEncodings = 0;
			knownRegions = (
				en,
				Base,
			);
			mainGroup = 28B66B451FCFE78F0014A44E;
			productRefGroup = 28B66B4F1FCFE78F0014A44E /* Products */;
			projectDirPath = "";
			projectRoot = "";
			targets = (
				28B66B4D1FCFE78F0014A44E /* 16.UITableView单元格 */,
				28B66B651FCFE78F0014A44E /* 16.UITableView单元格Tests */,
				28B66B701FCFE78F0014A44E /* 16.UITableView单元格UITests */,
			);
		};
/* End PBXProject section */

/* Begin PBXResourcesBuildPhase section */
		28B66B4C1FCFE78F0014A44E /* Resources */ = {
			isa = PBXResourcesBuildPhase;
			buildActionMask = 2147483647;
			files = (
				28B66B5E1FCFE78F0014A44E /* LaunchScreen.storyboard in Resources */,
				28B66B5B1FCFE78F0014A44E /* Assets.xcassets in Resources */,
				28B66B591FCFE78F0014A44E /* Main.storyboard in Resources */,
			);
			runOnlyForDeploymentPostprocessing = 0;
		};
		28B66B641FCFE78F0014A44E /* Resources */ = {
			isa = PBXResourcesBuildPhase;
			buildActionMask = 2147483647;
			files = (
			);
			runOnlyForDeploymentPostprocessing = 0;
		};
		28B66B6F1FCFE78F0014A44E /* Resources */ = {
			isa = PBXResourcesBuildPhase;
			buildActionMask = 2147483647;
			files = (
			);
			runOnlyForDeploymentPostprocessing = 0;
		};
/* End PBXResourcesBuildPhase section */

/* Begin PBXSourcesBuildPhase section */
		28B66B4A1FCFE78F0014A44E /* Sources */ = {
			isa = PBXSourcesBuildPhase;
			buildActionMask = 2147483647;
			files = (
				28B66B561FCFE78F0014A44E /* ViewController.m in Sources */,
				28B66B611FCFE78F0014A44E /* main.m in Sources */,
				28B66B531FCFE78F0014A44E /* AppDelegate.m in Sources */,
			);
			runOnlyForDeploymentPostprocessing = 0;
		};
		28B66B621FCFE78F0014A44E /* Sources */ = {
			isa = PBXSourcesBuildPhase;
			buildActionMask = 2147483647;
			files = (
				28B66B6B1FCFE78F0014A44E /* _6_UITableView___Tests.m in Sources */,
			);
			runOnlyForDeploymentPostprocessing = 0;
		};
		28B66B6D1FCFE78F0014A44E /* Sources */ = {
			isa = PBXSourcesBuildPhase;
			buildActionMask = 2147483647;
			files = (
				28B66B761FCFE78F0014A44E /* _6_UITableView___UITests.m in Sources */,
			);
			runOnlyForDeploymentPostprocessing = 0;
		};
/* End PBXSourcesBuildPhase section */

/* Begin PBXTargetDependency section */
		28B66B681FCFE78F0014A44E /* PBXTargetDependency */ = {
			isa = PBXTargetDependency;
			target = 28B66B4D1FCFE78F0014A44E /* 16.UITableView单元格 */;
			targetProxy = 28B66B671FCFE78F0014A44E /* PBXContainerItemProxy */;
		};
		28B66B731FCFE78F0014A44E /* PBXTargetDependency */ = {
			isa = PBXTargetDependency;
			target = 28B66B4D1FCFE78F0014A44E /* 16.UITableView单元格 */;
			targetProxy = 28B66B721FCFE78F0014A44E /* PBXContainerItemProxy */;
		};
/* End PBXTargetDependency section */

/* Begin PBXVariantGroup section */
		28B66B571FCFE78F0014A44E /* Main.storyboard */ = {
			isa = PBXVariantGroup;
			children = (
				28B66B581FCFE78F0014A44E /* Base */,
			);
			name = Main.storyboard;
			sourceTree = "<group>";
		};
		28B66B5C1FCFE78F0014A44E /* LaunchScreen.storyboard */ = {
			isa = PBXVariantGroup;
			children = (
				28B66B5D1FCFE78F0014A44E /* Base */,
			);
			name = LaunchScreen.storyboard;
			sourceTree = "<group>";
		};
/* End PBXVariantGroup section */

/* Begin XCBuildConfiguration section */
		28B66B781FCFE78F0014A44E /* Debug */ = {
			isa = XCBuildConfiguration;
			buildSettings = {
				ALWAYS_SEARCH_USER_PATHS = NO;
				CLANG_ANALYZER_NONNULL = YES;
				CLANG_ANALYZER_NUMBER_OBJECT_CONVERSION = YES_AGGRESSIVE;
				CLANG_CXX_LANGUAGE_STANDARD = "gnu++14";
				CLANG_CXX_LIBRARY = "libc++";
				CLANG_ENABLE_MODULES = YES;
				CLANG_ENABLE_OBJC_ARC = YES;
				CLANG_WARN_BLOCK_CAPTURE_AUTORELEASING = YES;
				CLANG_WARN_BOOL_CONVERSION = YES;
				CLANG_WARN_COMMA = YES;
				CLANG_WARN_CONSTANT_CONVERSION = YES;
				CLANG_WARN_DIRECT_OBJC_ISA_USAGE = YES_ERROR;
				CLANG_WARN_DOCUMENTATION_COMMENTS = YES;
				CLANG_WARN_EMPTY_BODY = YES;
				CLANG_WARN_ENUM_CONVERSION = YES;
				CLANG_WARN_INFINITE_RECURSION = YES;
				CLANG_WARN_INT_CONVERSION = YES;
				CLANG_WARN_NON_LITERAL_NULL_CONVERSION = YES;
				CLANG_WARN_OBJC_LITERAL_CONVERSION = YES;
				CLANG_WARN_OBJC_ROOT_CLASS = YES_ERROR;
				CLANG_WARN_RANGE_LOOP_ANALYSIS = YES;
				CLANG_WARN_STRICT_PROTOTYPES = YES;
				CLANG_WARN_SUSPICIOUS_MOVE = YES;
				CLANG_WARN_UNGUARDED_AVAILABILITY = YES_AGGRESSIVE;
				CLANG_WARN_UNREACHABLE_CODE = YES;
				CLANG_WARN__DUPLICATE_METHOD_MATCH = YES;
				CODE_SIGN_IDENTITY = "iPhone Developer";
				COPY_PHASE_STRIP = NO;
				DEBUG_INFORMATION_FORMAT = dwarf;
				ENABLE_STRICT_OBJC_MSGSEND = YES;
				ENABLE_TESTABILITY = YES;
				GCC_C_LANGUAGE_STANDARD = gnu11;
				GCC_DYNAMIC_NO_PIC = NO;
				GCC_NO_COMMON_BLOCKS = YES;
				GCC_OPTIMIZATION_LEVEL = 0;
				GCC_PREPROCESSOR_DEFINITIONS = (
					"DEBUG=1",
					"$(inherited)",
				);
				GCC_WARN_64_TO_32_BIT_CONVERSION = YES;
				GCC_WARN_ABOUT_RETURN_TYPE = YES_ERROR;
				GCC_WARN_UNDECLARED_SELECTOR = YES;
				GCC_WARN_UNINITIALIZED_AUTOS = YES_AGGRESSIVE;
				GCC_WARN_UNUSED_FUNCTION = YES;
				GCC_WARN_UNUSED_VARIABLE = YES;
				IPHONEOS_DEPLOYMENT_TARGET = 11.1;
				MTL_ENABLE_DEBUG_INFO = YES;
				ONLY_ACTIVE_ARCH = YES;
				SDKROOT = iphoneos;
			};
			name = Debug;
		};
		28B66B791FCFE78F0014A44E /* Release */ = {
			isa = XCBuildConfiguration;
			buildSettings = {
				ALWAYS_SEARCH_USER_PATHS = NO;
				CLANG_ANALYZER_NONNULL = YES;
				CLANG_ANALYZER_NUMBER_OBJECT_CONVERSION = YES_AGGRESSIVE;
				CLANG_CXX_LANGUAGE_STANDARD = "gnu++14";
				CLANG_CXX_LIBRARY = "libc++";
				CLANG_ENABLE_MODULES = YES;
				CLANG_ENABLE_OBJC_ARC = YES;
				CLANG_WARN_BLOCK_CAPTURE_AUTORELEASING = YES;
				CLANG_WARN_BOOL_CONVERSION = YES;
				CLANG_WARN_COMMA = YES;
				CLANG_WARN_CONSTANT_CONVERSION = YES;
				CLANG_WARN_DIRECT_OBJC_ISA_USAGE = YES_ERROR;
				CLANG_WARN_DOCUMENTATION_COMMENTS = YES;
				CLANG_WARN_EMPTY_BODY = YES;
				CLANG_WARN_ENUM_CONVERSION = YES;
				CLANG_WARN_INFINITE_RECURSION = YES;
				CLANG_WARN_INT_CONVERSION = YES;
				CLANG_WARN_NON_LITERAL_NULL_CONVERSION = YES;
				CLANG_WARN_OBJC_LITERAL_CONVERSION = YES;
				CLANG_WARN_OBJC_ROOT_CLASS = YES_ERROR;
				CLANG_WARN_RANGE_LOOP_ANALYSIS = YES;
				CLANG_WARN_STRICT_PROTOTYPES = YES;
				CLANG_WARN_SUSPICIOUS_MOVE = YES;
				CLANG_WARN_UNGUARDED_AVAILABILITY = YES_AGGRESSIVE;
				CLANG_WARN_UNREACHABLE_CODE = YES;
				CLANG_WARN__DUPLICATE_METHOD_MATCH = YES;
				CODE_SIGN_IDENTITY = "iPhone Developer";
				COPY_PHASE_STRIP = NO;
				DEBUG_INFORMATION_FORMAT = "dwarf-with-dsym";
				ENABLE_NS_ASSERTIONS = NO;
				ENABLE_STRICT_OBJC_MSGSEND = YES;
				GCC_C_LANGUAGE_STANDARD = gnu11;
				GCC_NO_COMMON_BLOCKS = YES;
				GCC_WARN_64_TO_32_BIT_CONVERSION = YES;
				GCC_WARN_ABOUT_RETURN_TYPE = YES_ERROR;
				GCC_WARN_UNDECLARED_SELECTOR = YES;
				GCC_WARN_UNINITIALIZED_AUTOS = YES_AGGRESSIVE;
				GCC_WARN_UNUSED_FUNCTION = YES;
				GCC_WARN_UNUSED_VARIABLE = YES;
				IPHONEOS_DEPLOYMENT_TARGET = 11.1;
				MTL_ENABLE_DEBUG_INFO = NO;
				SDKROOT = iphoneos;
				VALIDATE_PRODUCT = YES;
			};
			name = Release;
		};
		28B66B7B1FCFE78F0014A44E /* Debug */ = {
			isa = XCBuildConfiguration;
			buildSettings = {
				ASSETCATALOG_COMPILER_APPICON_NAME = AppIcon;
				CODE_SIGN_STYLE = Automatic;
				DEVELOPMENT_TEAM = 3RN55RZ4VG;
				INFOPLIST_FILE = "16.UITableView单元格/Info.plist";
				LD_RUNPATH_SEARCH_PATHS = "$(inherited) @executable_path/Frameworks";
				PRODUCT_BUNDLE_IDENTIFIER = "whz.-6-UITableView---";
				PRODUCT_NAME = "$(TARGET_NAME)";
				TARGETED_DEVICE_FAMILY = "1,2";
			};
			name = Debug;
		};
		28B66B7C1FCFE78F0014A44E /* Release */ = {
			isa = XCBuildConfiguration;
			buildSettings = {
				ASSETCATALOG_COMPILER_APPICON_NAME = AppIcon;
				CODE_SIGN_STYLE = Automatic;
				DEVELOPMENT_TEAM = 3RN55RZ4VG;
				INFOPLIST_FILE = "16.UITableView单元格/Info.plist";
				LD_RUNPATH_SEARCH_PATHS = "$(inherited) @executable_path/Frameworks";
				PRODUCT_BUNDLE_IDENTIFIER = "whz.-6-UITableView---";
				PRODUCT_NAME = "$(TARGET_NAME)";
				TARGETED_DEVICE_FAMILY = "1,2";
			};
			name = Release;
		};
		28B66B7E1FCFE78F0014A44E /* Debug */ = {
			isa = XCBuildConfiguration;
			buildSettings = {
				BUNDLE_LOADER = "$(TEST_HOST)";
				CODE_SIGN_STYLE = Automatic;
				DEVELOPMENT_TEAM = 89FKMN349J;
				INFOPLIST_FILE = "16.UITableView单元格Tests/Info.plist";
				LD_RUNPATH_SEARCH_PATHS = "$(inherited) @executable_path/Frameworks @loader_path/Frameworks";
				PRODUCT_BUNDLE_IDENTIFIER = "whz.-6-UITableView---Tests";
				PRODUCT_NAME = "$(TARGET_NAME)";
				TARGETED_DEVICE_FAMILY = "1,2";
				TEST_HOST = "$(BUILT_PRODUCTS_DIR)/16.UITableView单元格.app/16.UITableView单元格";
			};
			name = Debug;
		};
		28B66B7F1FCFE78F0014A44E /* Release */ = {
			isa = XCBuildConfiguration;
			buildSettings = {
				BUNDLE_LOADER = "$(TEST_HOST)";
				CODE_SIGN_STYLE = Automatic;
				DEVELOPMENT_TEAM = 89FKMN349J;
				INFOPLIST_FILE = "16.UITableView单元格Tests/Info.plist";
				LD_RUNPATH_SEARCH_PATHS = "$(inherited) @executable_path/Frameworks @loader_path/Frameworks";
				PRODUCT_BUNDLE_IDENTIFIER = "whz.-6-UITableView---Tests";
				PRODUCT_NAME = "$(TARGET_NAME)";
				TARGETED_DEVICE_FAMILY = "1,2";
				TEST_HOST = "$(BUILT_PRODUCTS_DIR)/16.UITableView单元格.app/16.UITableView单元格";
			};
			name = Release;
		};
		28B66B811FCFE78F0014A44E /* Debug */ = {
			isa = XCBuildConfiguration;
			buildSettings = {
				CODE_SIGN_STYLE = Automatic;
				DEVELOPMENT_TEAM = 89FKMN349J;
				INFOPLIST_FILE = "16.UITableView单元格UITests/Info.plist";
				LD_RUNPATH_SEARCH_PATHS = "$(inherited) @executable_path/Frameworks @loader_path/Frameworks";
				PRODUCT_BUNDLE_IDENTIFIER = "whz.-6-UITableView---UITests";
				PRODUCT_NAME = "$(TARGET_NAME)";
				TARGETED_DEVICE_FAMILY = "1,2";
				TEST_TARGET_NAME = "16.UITableView单元格";
			};
			name = Debug;
		};
		28B66B821FCFE78F0014A44E /* Release */ = {
			isa = XCBuildConfiguration;
			buildSettings = {
				CODE_SIGN_STYLE = Automatic;
				DEVELOPMENT_TEAM = 89FKMN349J;
				INFOPLIST_FILE = "16.UITableView单元格UITests/Info.plist";
				LD_RUNPATH_SEARCH_PATHS = "$(inherited) @executable_path/Frameworks @loader_path/Frameworks";
				PRODUCT_BUNDLE_IDENTIFIER = "whz.-6-UITableView---UITests";
				PRODUCT_NAME = "$(TARGET_NAME)";
				TARGETED_DEVICE_FAMILY = "1,2";
				TEST_TARGET_NAME = "16.UITableView单元格";
			};
			name = Release;
		};
/* End XCBuildConfiguration section */

/* Begin XCConfigurationList section */
		28B66B491FCFE78F0014A44E /* Build configuration list for PBXProject "16.UITableView单元格" */ = {
			isa = XCConfigurationList;
			buildConfigurations = (
				28B66B781FCFE78F0014A44E /* Debug */,
				28B66B791FCFE78F0014A44E /* Release */,
			);
			defaultConfigurationIsVisible = 0;
			defaultConfigurationName = Release;
		};
		28B66B7A1FCFE78F0014A44E /* Build configuration list for PBXNativeTarget "16.UITableView单元格" */ = {
			isa = XCConfigurationList;
			buildConfigurations = (
				28B66B7B1FCFE78F0014A44E /* Debug */,
				28B66B7C1FCFE78F0014A44E /* Release */,
			);
			defaultConfigurationIsVisible = 0;
			defaultConfigurationName = Release;
		};
		28B66B7D1FCFE78F0014A44E /* Build configuration list for PBXNativeTarget "16.UITableView单元格Tests" */ = {
			isa = XCConfigurationList;
			buildConfigurations = (
				28B66B7E1FCFE78F0014A44E /* Debug */,
				28B66B7F1FCFE78F0014A44E /* Release */,
			);
			defaultConfigurationIsVisible = 0;
			defaultConfigurationName = Release;
		};
		28B66B801FCFE78F0014A44E /* Build configuration list for PBXNativeTarget "16.UITableView单元格UITests" */ = {
			isa = XCConfigurationList;
			buildConfigurations = (
				28B66B811FCFE78F0014A44E /* Debug */,
				28B66B821FCFE78F0014A44E /* Release */,
			);
			defaultConfigurationIsVisible = 0;
			defaultConfigurationName = Release;
		};
/* End XCConfigurationList section */
	};
	rootObject = 28B66B461FCFE78F0014A44E /* Project object */;
}
